
Microsoft Visual Studio Solution File, Format Version 12.00
# Visual Studio Version 17
VisualStudioVersion = 17.13.35919.96
MinimumVisualStudioVersion = 10.0.40219.1
Project("{FAE04EC0-301F-11D3-BF4B-00C04F79EFBC}") = "ClipboardTranslator", "Loser\ClipboardTranslator.csproj", "{700968E3-9AD4-4C18-8C28-A048B7AD0373}"
EndProject
Global
	GlobalSection(SolutionConfigurationPlatforms) = preSolution
		Debug|Any CPU = Debug|Any CPU
		Release|Any CPU = Release|Any CPU
	EndGlobalSection
	GlobalSection(ProjectConfigurationPlatforms) = postSolution
		{700968E3-9AD4-4C18-8C28-A048B7AD0373}.Debug|Any CPU.ActiveCfg = Debug|Any CPU
		{700968E3-9AD4-4C18-8C28-A048B7AD0373}.Debug|Any CPU.Build.0 = Debug|Any CPU
		{700968E3-9AD4-4C18-8C28-A048B7AD0373}.Release|Any CPU.ActiveCfg = Release|Any CPU
		{700968E3-9AD4-4C18-8C28-A048B7AD0373}.Release|Any CPU.Build.0 = Release|Any CPU
	EndGlobalSection
	GlobalSection(SolutionProperties) = preSolution
		HideSolutionNode = FALSE
	EndGlobalSection
	GlobalSection(ExtensibilityGlobals) = postSolution
		SolutionGuid = {54875960-E662-43BF-A729-BC5487BC8461}
	EndGlobalSection
EndGlobal
